
Microsoft Visual Studio Solution File, Format Version 12.00
# Visual Studio 14
VisualStudioVersion = 14.0.25420.1
MinimumVisualStudioVersion = 10.0.40219.1
Project("{FAE04EC0-301F-11D3-BF4B-00C04F79EFBC}") = "PrismApp", "PrismApp\PrismApp\PrismApp.csproj", "{C16493F9-921D-4C1A-BC8C-81AA46363F76}"
EndProject
Project("{FAE04EC0-301F-11D3-BF4B-00C04F79EFBC}") = "PrismApp.Droid", "PrismApp\PrismApp.Droid\PrismApp.Droid.csproj", "{20CD8846-2ABC-4E9E-837B-D41C35D5EA0D}"
EndProject
Project("{FAE04EC0-301F-11D3-BF4B-00C04F79EFBC}") = "PrismApp.iOS", "PrismApp\PrismApp.iOS\PrismApp.iOS.csproj", "{F48BCB9E-B128-4AA8-9FCE-0AC48A1DCCB3}"
EndProject
Project("{FAE04EC0-301F-11D3-BF4B-00C04F79EFBC}") = "PrismApp.UWP", "PrismApp\PrismApp.UWP\PrismApp.UWP.csproj", "{4BAB449A-A006-4E2C-B78F-38FC72996181}"
EndProject
Project("{2150E333-8FDC-42A3-9474-1A3956D46DE8}") = "Prism", "Prism", "{753E5151-3A7E-4A4B-AADC-658EE8302ECD}"
EndProject
Project("{2150E333-8FDC-42A3-9474-1A3956D46DE8}") = "MVVM", "MVVM", "{9C5F4FAB-31AD-4D35-A296-FA1F64B4EF5B}"
EndProject
Project("{FAE04EC0-301F-11D3-BF4B-00C04F79EFBC}") = "MvvmApp", "MvvmApp\MvvmApp\MvvmApp.csproj", "{8D6A72A6-4361-48B9-8B81-1BFA687C7917}"
EndProject
Project("{FAE04EC0-301F-11D3-BF4B-00C04F79EFBC}") = "MvvmApp.Droid", "MvvmApp\MvvmApp.Droid\MvvmApp.Droid.csproj", "{33E50065-E122-4C71-B22E-5D0D4BE0602E}"
EndProject
Project("{FAE04EC0-301F-11D3-BF4B-00C04F79EFBC}") = "MvvmApp.iOS", "MvvmApp\MvvmApp.iOS\MvvmApp.iOS.csproj", "{97144AC5-5CEA-4037-B292-FA727A3559A1}"
EndProject
Project("{FAE04EC0-301F-11D3-BF4B-00C04F79EFBC}") = "MvvmApp.UWP", "MvvmApp\MvvmApp.UWP\MvvmApp.UWP.csproj", "{1EBD23FF-2836-40F1-A8E7-78A0DFBF8D78}"
EndProject
Project("{2150E333-8FDC-42A3-9474-1A3956D46DE8}") = "Traditional", "Traditional", "{CBAFB853-53FB-4F80-B265-156B59835F66}"
EndProject
Project("{FAE04EC0-301F-11D3-BF4B-00C04F79EFBC}") = "TraditionalApp", "TraditionalApp\TraditionalApp\TraditionalApp.csproj", "{732FC32F-A2F8-4352-9B3A-55AA5324D7DE}"
EndProject
Project("{FAE04EC0-301F-11D3-BF4B-00C04F79EFBC}") = "TraditionalApp.Droid", "TraditionalApp\TraditionalApp.Droid\TraditionalApp.Droid.csproj", "{C65851C0-95C3-4549-A411-308364C2F0C5}"
EndProject
Project("{FAE04EC0-301F-11D3-BF4B-00C04F79EFBC}") = "TraditionalApp.iOS", "TraditionalApp\TraditionalApp.iOS\TraditionalApp.iOS.csproj", "{0F1CF926-6E2B-4AAF-8683-8618368447D8}"
EndProject
Project("{FAE04EC0-301F-11D3-BF4B-00C04F79EFBC}") = "TraditionalApp.UWP", "TraditionalApp\TraditionalApp.UWP\TraditionalApp.UWP.csproj", "{3C4A9466-D560-487D-B640-22669D87DE80}"
EndProject
Global
	GlobalSection(SolutionConfigurationPlatforms) = preSolution
		Ad-Hoc|Any CPU = Ad-Hoc|Any CPU
		Ad-Hoc|ARM = Ad-Hoc|ARM
		Ad-Hoc|iPhone = Ad-Hoc|iPhone
		Ad-Hoc|iPhoneSimulator = Ad-Hoc|iPhoneSimulator
		Ad-Hoc|x64 = Ad-Hoc|x64
		Ad-Hoc|x86 = Ad-Hoc|x86
		AppStore|Any CPU = AppStore|Any CPU
		AppStore|ARM = AppStore|ARM
		AppStore|iPhone = AppStore|iPhone
		AppStore|iPhoneSimulator = AppStore|iPhoneSimulator
		AppStore|x64 = AppStore|x64
		AppStore|x86 = AppStore|x86
		Debug|Any CPU = Debug|Any CPU
		Debug|ARM = Debug|ARM
		Debug|iPhone = Debug|iPhone
		Debug|iPhoneSimulator = Debug|iPhoneSimulator
		Debug|x64 = Debug|x64
		Debug|x86 = Debug|x86
		Release|Any CPU = Release|Any CPU
		Release|ARM = Release|ARM
		Release|iPhone = Release|iPhone
		Release|iPhoneSimulator = Release|iPhoneSimulator
		Release|x64 = Release|x64
		Release|x86 = Release|x86
	EndGlobalSection
	GlobalSection(ProjectConfigurationPlatforms) = postSolution
		{C16493F9-921D-4C1A-BC8C-81AA46363F76}.Ad-Hoc|Any CPU.ActiveCfg = Release|Any CPU
		{C16493F9-921D-4C1A-BC8C-81AA46363F76}.Ad-Hoc|Any CPU.Build.0 = Release|Any CPU
		{C16493F9-921D-4C1A-BC8C-81AA46363F76}.Ad-Hoc|ARM.ActiveCfg = Release|Any CPU
		{C16493F9-921D-4C1A-BC8C-81AA46363F76}.Ad-Hoc|ARM.Build.0 = Release|Any CPU
		{C16493F9-921D-4C1A-BC8C-81AA46363F76}.Ad-Hoc|iPhone.ActiveCfg = Release|Any CPU
		{C16493F9-921D-4C1A-BC8C-81AA46363F76}.Ad-Hoc|iPhone.Build.0 = Release|Any CPU
		{C16493F9-921D-4C1A-BC8C-81AA46363F76}.Ad-Hoc|iPhoneSimulator.ActiveCfg = Release|Any CPU
		{C16493F9-921D-4C1A-BC8C-81AA46363F76}.Ad-Hoc|iPhoneSimulator.Build.0 = Release|Any CPU
		{C16493F9-921D-4C1A-BC8C-81AA46363F76}.Ad-Hoc|x64.ActiveCfg = Release|Any CPU
		{C16493F9-921D-4C1A-BC8C-81AA46363F76}.Ad-Hoc|x64.Build.0 = Release|Any CPU
		{C16493F9-921D-4C1A-BC8C-81AA46363F76}.Ad-Hoc|x86.ActiveCfg = Release|Any CPU
		{C16493F9-921D-4C1A-BC8C-81AA46363F76}.Ad-Hoc|x86.Build.0 = Release|Any CPU
		{C16493F9-921D-4C1A-BC8C-81AA46363F76}.AppStore|Any CPU.ActiveCfg = Release|Any CPU
		{C16493F9-921D-4C1A-BC8C-81AA46363F76}.AppStore|Any CPU.Build.0 = Release|Any CPU
		{C16493F9-921D-4C1A-BC8C-81AA46363F76}.AppStore|ARM.ActiveCfg = Release|Any CPU
		{C16493F9-921D-4C1A-BC8C-81AA46363F76}.AppStore|ARM.Build.0 = Release|Any CPU
		{C16493F9-921D-4C1A-BC8C-81AA46363F76}.AppStore|iPhone.ActiveCfg = Release|Any CPU
		{C16493F9-921D-4C1A-BC8C-81AA46363F76}.AppStore|iPhone.Build.0 = Release|Any CPU
		{C16493F9-921D-4C1A-BC8C-81AA46363F76}.AppStore|iPhoneSimulator.ActiveCfg = Release|Any CPU
		{C16493F9-921D-4C1A-BC8C-81AA46363F76}.AppStore|iPhoneSimulator.Build.0 = Release|Any CPU
		{C16493F9-921D-4C1A-BC8C-81AA46363F76}.AppStore|x64.ActiveCfg = Release|Any CPU
		{C16493F9-921D-4C1A-BC8C-81AA46363F76}.AppStore|x64.Build.0 = Release|Any CPU
		{C16493F9-921D-4C1A-BC8C-81AA46363F76}.AppStore|x86.ActiveCfg = Release|Any CPU
		{C16493F9-921D-4C1A-BC8C-81AA46363F76}.AppStore|x86.Build.0 = Release|Any CPU
		{C16493F9-921D-4C1A-BC8C-81AA46363F76}.Debug|Any CPU.ActiveCfg = Debug|Any CPU
		{C16493F9-921D-4C1A-BC8C-81AA46363F76}.Debug|Any CPU.Build.0 = Debug|Any CPU
		{C16493F9-921D-4C1A-BC8C-81AA46363F76}.Debug|ARM.ActiveCfg = Debug|Any CPU
		{C16493F9-921D-4C1A-BC8C-81AA46363F76}.Debug|ARM.Build.0 = Debug|Any CPU
		{C16493F9-921D-4C1A-BC8C-81AA46363F76}.Debug|iPhone.ActiveCfg = Debug|Any CPU
		{C16493F9-921D-4C1A-BC8C-81AA46363F76}.Debug|iPhone.Build.0 = Debug|Any CPU
		{C16493F9-921D-4C1A-BC8C-81AA46363F76}.Debug|iPhoneSimulator.ActiveCfg = Debug|Any CPU
		{C16493F9-921D-4C1A-BC8C-81AA46363F76}.Debug|iPhoneSimulator.Build.0 = Debug|Any CPU
		{C16493F9-921D-4C1A-BC8C-81AA46363F76}.Debug|x64.ActiveCfg = Debug|Any CPU
		{C16493F9-921D-4C1A-BC8C-81AA46363F76}.Debug|x64.Build.0 = Debug|Any CPU
		{C16493F9-921D-4C1A-BC8C-81AA46363F76}.Debug|x86.ActiveCfg = Debug|Any CPU
		{C16493F9-921D-4C1A-BC8C-81AA46363F76}.Debug|x86.Build.0 = Debug|Any CPU
		{C16493F9-921D-4C1A-BC8C-81AA46363F76}.Release|Any CPU.ActiveCfg = Release|Any CPU
		{C16493F9-921D-4C1A-BC8C-81AA46363F76}.Release|Any CPU.Build.0 = Release|Any CPU
		{C16493F9-921D-4C1A-BC8C-81AA46363F76}.Release|ARM.ActiveCfg = Release|Any CPU
		{C16493F9-921D-4C1A-BC8C-81AA46363F76}.Release|ARM.Build.0 = Release|Any CPU
		{C16493F9-921D-4C1A-BC8C-81AA46363F76}.Release|iPhone.ActiveCfg = Release|Any CPU
		{C16493F9-921D-4C1A-BC8C-81AA46363F76}.Release|iPhone.Build.0 = Release|Any CPU
		{C16493F9-921D-4C1A-BC8C-81AA46363F76}.Release|iPhoneSimulator.ActiveCfg = Release|Any CPU
		{C16493F9-921D-4C1A-BC8C-81AA46363F76}.Release|iPhoneSimulator.Build.0 = Release|Any CPU
		{C16493F9-921D-4C1A-BC8C-81AA46363F76}.Release|x64.ActiveCfg = Release|Any CPU
		{C16493F9-921D-4C1A-BC8C-81AA46363F76}.Release|x64.Build.0 = Release|Any CPU
		{C16493F9-921D-4C1A-BC8C-81AA46363F76}.Release|x86.ActiveCfg = Release|Any CPU
		{C16493F9-921D-4C1A-BC8C-81AA46363F76}.Release|x86.Build.0 = Release|Any CPU
		{20CD8846-2ABC-4E9E-837B-D41C35D5EA0D}.Ad-Hoc|Any CPU.ActiveCfg = Release|Any CPU
		{20CD8846-2ABC-4E9E-837B-D41C35D5EA0D}.Ad-Hoc|Any CPU.Build.0 = Release|Any CPU
		{20CD8846-2ABC-4E9E-837B-D41C35D5EA0D}.Ad-Hoc|Any CPU.Deploy.0 = Release|Any CPU
		{20CD8846-2ABC-4E9E-837B-D41C35D5EA0D}.Ad-Hoc|ARM.ActiveCfg = Release|Any CPU
		{20CD8846-2ABC-4E9E-837B-D41C35D5EA0D}.Ad-Hoc|ARM.Build.0 = Release|Any CPU
		{20CD8846-2ABC-4E9E-837B-D41C35D5EA0D}.Ad-Hoc|ARM.Deploy.0 = Release|Any CPU
		{20CD8846-2ABC-4E9E-837B-D41C35D5EA0D}.Ad-Hoc|iPhone.ActiveCfg = Release|Any CPU
		{20CD8846-2ABC-4E9E-837B-D41C35D5EA0D}.Ad-Hoc|iPhone.Build.0 = Release|Any CPU
		{20CD8846-2ABC-4E9E-837B-D41C35D5EA0D}.Ad-Hoc|iPhone.Deploy.0 = Release|Any CPU
		{20CD8846-2ABC-4E9E-837B-D41C35D5EA0D}.Ad-Hoc|iPhoneSimulator.ActiveCfg = Release|Any CPU
		{20CD8846-2ABC-4E9E-837B-D41C35D5EA0D}.Ad-Hoc|iPhoneSimulator.Build.0 = Release|Any CPU
		{20CD8846-2ABC-4E9E-837B-D41C35D5EA0D}.Ad-Hoc|iPhoneSimulator.Deploy.0 = Release|Any CPU
		{20CD8846-2ABC-4E9E-837B-D41C35D5EA0D}.Ad-Hoc|x64.ActiveCfg = Release|Any CPU
		{20CD8846-2ABC-4E9E-837B-D41C35D5EA0D}.Ad-Hoc|x64.Build.0 = Release|Any CPU
		{20CD8846-2ABC-4E9E-837B-D41C35D5EA0D}.Ad-Hoc|x64.Deploy.0 = Release|Any CPU
		{20CD8846-2ABC-4E9E-837B-D41C35D5EA0D}.Ad-Hoc|x86.ActiveCfg = Release|Any CPU
		{20CD8846-2ABC-4E9E-837B-D41C35D5EA0D}.Ad-Hoc|x86.Build.0 = Release|Any CPU
		{20CD8846-2ABC-4E9E-837B-D41C35D5EA0D}.Ad-Hoc|x86.Deploy.0 = Release|Any CPU
		{20CD8846-2ABC-4E9E-837B-D41C35D5EA0D}.AppStore|Any CPU.ActiveCfg = Release|Any CPU
		{20CD8846-2ABC-4E9E-837B-D41C35D5EA0D}.AppStore|Any CPU.Build.0 = Release|Any CPU
		{20CD8846-2ABC-4E9E-837B-D41C35D5EA0D}.AppStore|Any CPU.Deploy.0 = Release|Any CPU
		{20CD8846-2ABC-4E9E-837B-D41C35D5EA0D}.AppStore|ARM.ActiveCfg = Release|Any CPU
		{20CD8846-2ABC-4E9E-837B-D41C35D5EA0D}.AppStore|ARM.Build.0 = Release|Any CPU
		{20CD8846-2ABC-4E9E-837B-D41C35D5EA0D}.AppStore|ARM.Deploy.0 = Release|Any CPU
		{20CD8846-2ABC-4E9E-837B-D41C35D5EA0D}.AppStore|iPhone.ActiveCfg = Release|Any CPU
		{20CD8846-2ABC-4E9E-837B-D41C35D5EA0D}.AppStore|iPhone.Build.0 = Release|Any CPU
		{20CD8846-2ABC-4E9E-837B-D41C35D5EA0D}.AppStore|iPhone.Deploy.0 = Release|Any CPU
		{20CD8846-2ABC-4E9E-837B-D41C35D5EA0D}.AppStore|iPhoneSimulator.ActiveCfg = Release|Any CPU
		{20CD8846-2ABC-4E9E-837B-D41C35D5EA0D}.AppStore|iPhoneSimulator.Build.0 = Release|Any CPU
		{20CD8846-2ABC-4E9E-837B-D41C35D5EA0D}.AppStore|iPhoneSimulator.Deploy.0 = Release|Any CPU
		{20CD8846-2ABC-4E9E-837B-D41C35D5EA0D}.AppStore|x64.ActiveCfg = Release|Any CPU
		{20CD8846-2ABC-4E9E-837B-D41C35D5EA0D}.AppStore|x64.Build.0 = Release|Any CPU
		{20CD8846-2ABC-4E9E-837B-D41C35D5EA0D}.AppStore|x64.Deploy.0 = Release|Any CPU
		{20CD8846-2ABC-4E9E-837B-D41C35D5EA0D}.AppStore|x86.ActiveCfg = Release|Any CPU
		{20CD8846-2ABC-4E9E-837B-D41C35D5EA0D}.AppStore|x86.Build.0 = Release|Any CPU
		{20CD8846-2ABC-4E9E-837B-D41C35D5EA0D}.AppStore|x86.Deploy.0 = Release|Any CPU
		{20CD8846-2ABC-4E9E-837B-D41C35D5EA0D}.Debug|Any CPU.ActiveCfg = Debug|Any CPU
		{20CD8846-2ABC-4E9E-837B-D41C35D5EA0D}.Debug|Any CPU.Build.0 = Debug|Any CPU
		{20CD8846-2ABC-4E9E-837B-D41C35D5EA0D}.Debug|Any CPU.Deploy.0 = Debug|Any CPU
		{20CD8846-2ABC-4E9E-837B-D41C35D5EA0D}.Debug|ARM.ActiveCfg = Debug|Any CPU
		{20CD8846-2ABC-4E9E-837B-D41C35D5EA0D}.Debug|ARM.Build.0 = Debug|Any CPU
		{20CD8846-2ABC-4E9E-837B-D41C35D5EA0D}.Debug|ARM.Deploy.0 = Debug|Any CPU
		{20CD8846-2ABC-4E9E-837B-D41C35D5EA0D}.Debug|iPhone.ActiveCfg = Debug|Any CPU
		{20CD8846-2ABC-4E9E-837B-D41C35D5EA0D}.Debug|iPhone.Build.0 = Debug|Any CPU
		{20CD8846-2ABC-4E9E-837B-D41C35D5EA0D}.Debug|iPhone.Deploy.0 = Debug|Any CPU
		{20CD8846-2ABC-4E9E-837B-D41C35D5EA0D}.Debug|iPhoneSimulator.ActiveCfg = Debug|Any CPU
		{20CD8846-2ABC-4E9E-837B-D41C35D5EA0D}.Debug|iPhoneSimulator.Build.0 = Debug|Any CPU
		{20CD8846-2ABC-4E9E-837B-D41C35D5EA0D}.Debug|iPhoneSimulator.Deploy.0 = Debug|Any CPU
		{20CD8846-2ABC-4E9E-837B-D41C35D5EA0D}.Debug|x64.ActiveCfg = Debug|Any CPU
		{20CD8846-2ABC-4E9E-837B-D41C35D5EA0D}.Debug|x64.Build.0 = Debug|Any CPU
		{20CD8846-2ABC-4E9E-837B-D41C35D5EA0D}.Debug|x64.Deploy.0 = Debug|Any CPU
		{20CD8846-2ABC-4E9E-837B-D41C35D5EA0D}.Debug|x86.ActiveCfg = Debug|Any CPU
		{20CD8846-2ABC-4E9E-837B-D41C35D5EA0D}.Debug|x86.Build.0 = Debug|Any CPU
		{20CD8846-2ABC-4E9E-837B-D41C35D5EA0D}.Debug|x86.Deploy.0 = Debug|Any CPU
		{20CD8846-2ABC-4E9E-837B-D41C35D5EA0D}.Release|Any CPU.ActiveCfg = Release|Any CPU
		{20CD8846-2ABC-4E9E-837B-D41C35D5EA0D}.Release|Any CPU.Build.0 = Release|Any CPU
		{20CD8846-2ABC-4E9E-837B-D41C35D5EA0D}.Release|Any CPU.Deploy.0 = Release|Any CPU
		{20CD8846-2ABC-4E9E-837B-D41C35D5EA0D}.Release|ARM.ActiveCfg = Release|Any CPU
		{20CD8846-2ABC-4E9E-837B-D41C35D5EA0D}.Release|ARM.Build.0 = Release|Any CPU
		{20CD8846-2ABC-4E9E-837B-D41C35D5EA0D}.Release|ARM.Deploy.0 = Release|Any CPU
		{20CD8846-2ABC-4E9E-837B-D41C35D5EA0D}.Release|iPhone.ActiveCfg = Release|Any CPU
		{20CD8846-2ABC-4E9E-837B-D41C35D5EA0D}.Release|iPhone.Build.0 = Release|Any CPU
		{20CD8846-2ABC-4E9E-837B-D41C35D5EA0D}.Release|iPhone.Deploy.0 = Release|Any CPU
		{20CD8846-2ABC-4E9E-837B-D41C35D5EA0D}.Release|iPhoneSimulator.ActiveCfg = Release|Any CPU
		{20CD8846-2ABC-4E9E-837B-D41C35D5EA0D}.Release|iPhoneSimulator.Build.0 = Release|Any CPU
		{20CD8846-2ABC-4E9E-837B-D41C35D5EA0D}.Release|iPhoneSimulator.Deploy.0 = Release|Any CPU
		{20CD8846-2ABC-4E9E-837B-D41C35D5EA0D}.Release|x64.ActiveCfg = Release|Any CPU
		{20CD8846-2ABC-4E9E-837B-D41C35D5EA0D}.Release|x64.Build.0 = Release|Any CPU
		{20CD8846-2ABC-4E9E-837B-D41C35D5EA0D}.Release|x64.Deploy.0 = Release|Any CPU
		{20CD8846-2ABC-4E9E-837B-D41C35D5EA0D}.Release|x86.ActiveCfg = Release|Any CPU
		{20CD8846-2ABC-4E9E-837B-D41C35D5EA0D}.Release|x86.Build.0 = Release|Any CPU
		{20CD8846-2ABC-4E9E-837B-D41C35D5EA0D}.Release|x86.Deploy.0 = Release|Any CPU
		{F48BCB9E-B128-4AA8-9FCE-0AC48A1DCCB3}.Ad-Hoc|Any CPU.ActiveCfg = Ad-Hoc|iPhone
		{F48BCB9E-B128-4AA8-9FCE-0AC48A1DCCB3}.Ad-Hoc|ARM.ActiveCfg = Ad-Hoc|iPhone
		{F48BCB9E-B128-4AA8-9FCE-0AC48A1DCCB3}.Ad-Hoc|iPhone.ActiveCfg = Ad-Hoc|iPhone
		{F48BCB9E-B128-4AA8-9FCE-0AC48A1DCCB3}.Ad-Hoc|iPhone.Build.0 = Ad-Hoc|iPhone
		{F48BCB9E-B128-4AA8-9FCE-0AC48A1DCCB3}.Ad-Hoc|iPhoneSimulator.ActiveCfg = Ad-Hoc|iPhoneSimulator
		{F48BCB9E-B128-4AA8-9FCE-0AC48A1DCCB3}.Ad-Hoc|iPhoneSimulator.Build.0 = Ad-Hoc|iPhoneSimulator
		{F48BCB9E-B128-4AA8-9FCE-0AC48A1DCCB3}.Ad-Hoc|x64.ActiveCfg = Ad-Hoc|iPhone
		{F48BCB9E-B128-4AA8-9FCE-0AC48A1DCCB3}.Ad-Hoc|x86.ActiveCfg = Ad-Hoc|iPhone
		{F48BCB9E-B128-4AA8-9FCE-0AC48A1DCCB3}.AppStore|Any CPU.ActiveCfg = AppStore|iPhone
		{F48BCB9E-B128-4AA8-9FCE-0AC48A1DCCB3}.AppStore|ARM.ActiveCfg = AppStore|iPhone
		{F48BCB9E-B128-4AA8-9FCE-0AC48A1DCCB3}.AppStore|iPhone.ActiveCfg = AppStore|iPhone
		{F48BCB9E-B128-4AA8-9FCE-0AC48A1DCCB3}.AppStore|iPhone.Build.0 = AppStore|iPhone
		{F48BCB9E-B128-4AA8-9FCE-0AC48A1DCCB3}.AppStore|iPhoneSimulator.ActiveCfg = AppStore|iPhoneSimulator
		{F48BCB9E-B128-4AA8-9FCE-0AC48A1DCCB3}.AppStore|iPhoneSimulator.Build.0 = AppStore|iPhoneSimulator
		{F48BCB9E-B128-4AA8-9FCE-0AC48A1DCCB3}.AppStore|x64.ActiveCfg = AppStore|iPhone
		{F48BCB9E-B128-4AA8-9FCE-0AC48A1DCCB3}.AppStore|x86.ActiveCfg = AppStore|iPhone
		{F48BCB9E-B128-4AA8-9FCE-0AC48A1DCCB3}.Debug|Any CPU.ActiveCfg = Debug|iPhone
		{F48BCB9E-B128-4AA8-9FCE-0AC48A1DCCB3}.Debug|ARM.ActiveCfg = Debug|iPhone
		{F48BCB9E-B128-4AA8-9FCE-0AC48A1DCCB3}.Debug|iPhone.ActiveCfg = Debug|iPhone
		{F48BCB9E-B128-4AA8-9FCE-0AC48A1DCCB3}.Debug|iPhone.Build.0 = Debug|iPhone
		{F48BCB9E-B128-4AA8-9FCE-0AC48A1DCCB3}.Debug|iPhoneSimulator.ActiveCfg = Debug|iPhoneSimulator
		{F48BCB9E-B128-4AA8-9FCE-0AC48A1DCCB3}.Debug|iPhoneSimulator.Build.0 = Debug|iPhoneSimulator
		{F48BCB9E-B128-4AA8-9FCE-0AC48A1DCCB3}.Debug|x64.ActiveCfg = Debug|iPhone
		{F48BCB9E-B128-4AA8-9FCE-0AC48A1DCCB3}.Debug|x86.ActiveCfg = Debug|iPhone
		{F48BCB9E-B128-4AA8-9FCE-0AC48A1DCCB3}.Release|Any CPU.ActiveCfg = Release|iPhone
		{F48BCB9E-B128-4AA8-9FCE-0AC48A1DCCB3}.Release|ARM.ActiveCfg = Release|iPhone
		{F48BCB9E-B128-4AA8-9FCE-0AC48A1DCCB3}.Release|iPhone.ActiveCfg = Release|iPhone
		{F48BCB9E-B128-4AA8-9FCE-0AC48A1DCCB3}.Release|iPhone.Build.0 = Release|iPhone
		{F48BCB9E-B128-4AA8-9FCE-0AC48A1DCCB3}.Release|iPhoneSimulator.ActiveCfg = Release|iPhoneSimulator
		{F48BCB9E-B128-4AA8-9FCE-0AC48A1DCCB3}.Release|iPhoneSimulator.Build.0 = Release|iPhoneSimulator
		{F48BCB9E-B128-4AA8-9FCE-0AC48A1DCCB3}.Release|x64.ActiveCfg = Release|iPhone
		{F48BCB9E-B128-4AA8-9FCE-0AC48A1DCCB3}.Release|x86.ActiveCfg = Release|iPhone
		{4BAB449A-A006-4E2C-B78F-38FC72996181}.Ad-Hoc|Any CPU.ActiveCfg = Release|x86
		{4BAB449A-A006-4E2C-B78F-38FC72996181}.Ad-Hoc|Any CPU.Build.0 = Release|x86
		{4BAB449A-A006-4E2C-B78F-38FC72996181}.Ad-Hoc|Any CPU.Deploy.0 = Release|x86
		{4BAB449A-A006-4E2C-B78F-38FC72996181}.Ad-Hoc|ARM.ActiveCfg = Release|ARM
		{4BAB449A-A006-4E2C-B78F-38FC72996181}.Ad-Hoc|ARM.Build.0 = Release|ARM
		{4BAB449A-A006-4E2C-B78F-38FC72996181}.Ad-Hoc|ARM.Deploy.0 = Release|ARM
		{4BAB449A-A006-4E2C-B78F-38FC72996181}.Ad-Hoc|iPhone.ActiveCfg = Release|x86
		{4BAB449A-A006-4E2C-B78F-38FC72996181}.Ad-Hoc|iPhone.Build.0 = Release|x86
		{4BAB449A-A006-4E2C-B78F-38FC72996181}.Ad-Hoc|iPhone.Deploy.0 = Release|x86
		{4BAB449A-A006-4E2C-B78F-38FC72996181}.Ad-Hoc|iPhoneSimulator.ActiveCfg = Release|x86
		{4BAB449A-A006-4E2C-B78F-38FC72996181}.Ad-Hoc|iPhoneSimulator.Build.0 = Release|x86
		{4BAB449A-A006-4E2C-B78F-38FC72996181}.Ad-Hoc|iPhoneSimulator.Deploy.0 = Release|x86
		{4BAB449A-A006-4E2C-B78F-38FC72996181}.Ad-Hoc|x64.ActiveCfg = Release|x64
		{4BAB449A-A006-4E2C-B78F-38FC72996181}.Ad-Hoc|x64.Build.0 = Release|x64
		{4BAB449A-A006-4E2C-B78F-38FC72996181}.Ad-Hoc|x64.Deploy.0 = Release|x64
		{4BAB449A-A006-4E2C-B78F-38FC72996181}.Ad-Hoc|x86.ActiveCfg = Release|x86
		{4BAB449A-A006-4E2C-B78F-38FC72996181}.Ad-Hoc|x86.Build.0 = Release|x86
		{4BAB449A-A006-4E2C-B78F-38FC72996181}.Ad-Hoc|x86.Deploy.0 = Release|x86
		{4BAB449A-A006-4E2C-B78F-38FC72996181}.AppStore|Any CPU.ActiveCfg = Release|x86
		{4BAB449A-A006-4E2C-B78F-38FC72996181}.AppStore|Any CPU.Build.0 = Release|x86
		{4BAB449A-A006-4E2C-B78F-38FC72996181}.AppStore|Any CPU.Deploy.0 = Release|x86
		{4BAB449A-A006-4E2C-B78F-38FC72996181}.AppStore|ARM.ActiveCfg = Release|ARM
		{4BAB449A-A006-4E2C-B78F-38FC72996181}.AppStore|ARM.Build.0 = Release|ARM
		{4BAB449A-A006-4E2C-B78F-38FC72996181}.AppStore|ARM.Deploy.0 = Release|ARM
		{4BAB449A-A006-4E2C-B78F-38FC72996181}.AppStore|iPhone.ActiveCfg = Release|x86
		{4BAB449A-A006-4E2C-B78F-38FC72996181}.AppStore|iPhone.Build.0 = Release|x86
		{4BAB449A-A006-4E2C-B78F-38FC72996181}.AppStore|iPhone.Deploy.0 = Release|x86
		{4BAB449A-A006-4E2C-B78F-38FC72996181}.AppStore|iPhoneSimulator.ActiveCfg = Release|x86
		{4BAB449A-A006-4E2C-B78F-38FC72996181}.AppStore|iPhoneSimulator.Build.0 = Release|x86
		{4BAB449A-A006-4E2C-B78F-38FC72996181}.AppStore|iPhoneSimulator.Deploy.0 = Release|x86
		{4BAB449A-A006-4E2C-B78F-38FC72996181}.AppStore|x64.ActiveCfg = Release|x64
		{4BAB449A-A006-4E2C-B78F-38FC72996181}.AppStore|x64.Build.0 = Release|x64
		{4BAB449A-A006-4E2C-B78F-38FC72996181}.AppStore|x64.Deploy.0 = Release|x64
		{4BAB449A-A006-4E2C-B78F-38FC72996181}.AppStore|x86.ActiveCfg = Release|x86
		{4BAB449A-A006-4E2C-B78F-38FC72996181}.AppStore|x86.Build.0 = Release|x86
		{4BAB449A-A006-4E2C-B78F-38FC72996181}.AppStore|x86.Deploy.0 = Release|x86
		{4BAB449A-A006-4E2C-B78F-38FC72996181}.Debug|Any CPU.ActiveCfg = Debug|x86
		{4BAB449A-A006-4E2C-B78F-38FC72996181}.Debug|ARM.ActiveCfg = Debug|ARM
		{4BAB449A-A006-4E2C-B78F-38FC72996181}.Debug|ARM.Build.0 = Debug|ARM
		{4BAB449A-A006-4E2C-B78F-38FC72996181}.Debug|ARM.Deploy.0 = Debug|ARM
		{4BAB449A-A006-4E2C-B78F-38FC72996181}.Debug|iPhone.ActiveCfg = Debug|x86
		{4BAB449A-A006-4E2C-B78F-38FC72996181}.Debug|iPhoneSimulator.ActiveCfg = Debug|x86
		{4BAB449A-A006-4E2C-B78F-38FC72996181}.Debug|x64.ActiveCfg = Debug|x64
		{4BAB449A-A006-4E2C-B78F-38FC72996181}.Debug|x64.Build.0 = Debug|x64
		{4BAB449A-A006-4E2C-B78F-38FC72996181}.Debug|x64.Deploy.0 = Debug|x64
		{4BAB449A-A006-4E2C-B78F-38FC72996181}.Debug|x86.ActiveCfg = Debug|x86
		{4BAB449A-A006-4E2C-B78F-38FC72996181}.Debug|x86.Build.0 = Debug|x86
		{4BAB449A-A006-4E2C-B78F-38FC72996181}.Debug|x86.Deploy.0 = Debug|x86
		{4BAB449A-A006-4E2C-B78F-38FC72996181}.Release|Any CPU.ActiveCfg = Release|x86
		{4BAB449A-A006-4E2C-B78F-38FC72996181}.Release|ARM.ActiveCfg = Release|ARM
		{4BAB449A-A006-4E2C-B78F-38FC72996181}.Release|ARM.Build.0 = Release|ARM
		{4BAB449A-A006-4E2C-B78F-38FC72996181}.Release|ARM.Deploy.0 = Release|ARM
		{4BAB449A-A006-4E2C-B78F-38FC72996181}.Release|iPhone.ActiveCfg = Release|x86
		{4BAB449A-A006-4E2C-B78F-38FC72996181}.Release|iPhoneSimulator.ActiveCfg = Release|x86
		{4BAB449A-A006-4E2C-B78F-38FC72996181}.Release|x64.ActiveCfg = Release|x64
		{4BAB449A-A006-4E2C-B78F-38FC72996181}.Release|x64.Build.0 = Release|x64
		{4BAB449A-A006-4E2C-B78F-38FC72996181}.Release|x64.Deploy.0 = Release|x64
		{4BAB449A-A006-4E2C-B78F-38FC72996181}.Release|x86.ActiveCfg = Release|x86
		{4BAB449A-A006-4E2C-B78F-38FC72996181}.Release|x86.Build.0 = Release|x86
		{4BAB449A-A006-4E2C-B78F-38FC72996181}.Release|x86.Deploy.0 = Release|x86
		{8D6A72A6-4361-48B9-8B81-1BFA687C7917}.Ad-Hoc|Any CPU.ActiveCfg = Release|Any CPU
		{8D6A72A6-4361-48B9-8B81-1BFA687C7917}.Ad-Hoc|Any CPU.Build.0 = Release|Any CPU
		{8D6A72A6-4361-48B9-8B81-1BFA687C7917}.Ad-Hoc|ARM.ActiveCfg = Release|Any CPU
		{8D6A72A6-4361-48B9-8B81-1BFA687C7917}.Ad-Hoc|ARM.Build.0 = Release|Any CPU
		{8D6A72A6-4361-48B9-8B81-1BFA687C7917}.Ad-Hoc|iPhone.ActiveCfg = Release|Any CPU
		{8D6A72A6-4361-48B9-8B81-1BFA687C7917}.Ad-Hoc|iPhone.Build.0 = Release|Any CPU
		{8D6A72A6-4361-48B9-8B81-1BFA687C7917}.Ad-Hoc|iPhoneSimulator.ActiveCfg = Release|Any CPU
		{8D6A72A6-4361-48B9-8B81-1BFA687C7917}.Ad-Hoc|iPhoneSimulator.Build.0 = Release|Any CPU
		{8D6A72A6-4361-48B9-8B81-1BFA687C7917}.Ad-Hoc|x64.ActiveCfg = Release|Any CPU
		{8D6A72A6-4361-48B9-8B81-1BFA687C7917}.Ad-Hoc|x64.Build.0 = Release|Any CPU
		{8D6A72A6-4361-48B9-8B81-1BFA687C7917}.Ad-Hoc|x86.ActiveCfg = Release|Any CPU
		{8D6A72A6-4361-48B9-8B81-1BFA687C7917}.Ad-Hoc|x86.Build.0 = Release|Any CPU
		{8D6A72A6-4361-48B9-8B81-1BFA687C7917}.AppStore|Any CPU.ActiveCfg = Release|Any CPU
		{8D6A72A6-4361-48B9-8B81-1BFA687C7917}.AppStore|Any CPU.Build.0 = Release|Any CPU
		{8D6A72A6-4361-48B9-8B81-1BFA687C7917}.AppStore|ARM.ActiveCfg = Release|Any CPU
		{8D6A72A6-4361-48B9-8B81-1BFA687C7917}.AppStore|ARM.Build.0 = Release|Any CPU
		{8D6A72A6-4361-48B9-8B81-1BFA687C7917}.AppStore|iPhone.ActiveCfg = Release|Any CPU
		{8D6A72A6-4361-48B9-8B81-1BFA687C7917}.AppStore|iPhone.Build.0 = Release|Any CPU
		{8D6A72A6-4361-48B9-8B81-1BFA687C7917}.AppStore|iPhoneSimulator.ActiveCfg = Release|Any CPU
		{8D6A72A6-4361-48B9-8B81-1BFA687C7917}.AppStore|iPhoneSimulator.Build.0 = Release|Any CPU
		{8D6A72A6-4361-48B9-8B81-1BFA687C7917}.AppStore|x64.ActiveCfg = Release|Any CPU
		{8D6A72A6-4361-48B9-8B81-1BFA687C7917}.AppStore|x64.Build.0 = Release|Any CPU
		{8D6A72A6-4361-48B9-8B81-1BFA687C7917}.AppStore|x86.ActiveCfg = Release|Any CPU
		{8D6A72A6-4361-48B9-8B81-1BFA687C7917}.AppStore|x86.Build.0 = Release|Any CPU
		{8D6A72A6-4361-48B9-8B81-1BFA687C7917}.Debug|Any CPU.ActiveCfg = Debug|Any CPU
		{8D6A72A6-4361-48B9-8B81-1BFA687C7917}.Debug|Any CPU.Build.0 = Debug|Any CPU
		{8D6A72A6-4361-48B9-8B81-1BFA687C7917}.Debug|ARM.ActiveCfg = Debug|Any CPU
		{8D6A72A6-4361-48B9-8B81-1BFA687C7917}.Debug|ARM.Build.0 = Debug|Any CPU
		{8D6A72A6-4361-48B9-8B81-1BFA687C7917}.Debug|iPhone.ActiveCfg = Debug|Any CPU
		{8D6A72A6-4361-48B9-8B81-1BFA687C7917}.Debug|iPhone.Build.0 = Debug|Any CPU
		{8D6A72A6-4361-48B9-8B81-1BFA687C7917}.Debug|iPhoneSimulator.ActiveCfg = Debug|Any CPU
		{8D6A72A6-4361-48B9-8B81-1BFA687C7917}.Debug|iPhoneSimulator.Build.0 = Debug|Any CPU
		{8D6A72A6-4361-48B9-8B81-1BFA687C7917}.Debug|x64.ActiveCfg = Debug|Any CPU
		{8D6A72A6-4361-48B9-8B81-1BFA687C7917}.Debug|x64.Build.0 = Debug|Any CPU
		{8D6A72A6-4361-48B9-8B81-1BFA687C7917}.Debug|x86.ActiveCfg = Debug|Any CPU
		{8D6A72A6-4361-48B9-8B81-1BFA687C7917}.Debug|x86.Build.0 = Debug|Any CPU
		{8D6A72A6-4361-48B9-8B81-1BFA687C7917}.Release|Any CPU.ActiveCfg = Release|Any CPU
		{8D6A72A6-4361-48B9-8B81-1BFA687C7917}.Release|Any CPU.Build.0 = Release|Any CPU
		{8D6A72A6-4361-48B9-8B81-1BFA687C7917}.Release|ARM.ActiveCfg = Release|Any CPU
		{8D6A72A6-4361-48B9-8B81-1BFA687C7917}.Release|ARM.Build.0 = Release|Any CPU
		{8D6A72A6-4361-48B9-8B81-1BFA687C7917}.Release|iPhone.ActiveCfg = Release|Any CPU
		{8D6A72A6-4361-48B9-8B81-1BFA687C7917}.Release|iPhone.Build.0 = Release|Any CPU
		{8D6A72A6-4361-48B9-8B81-1BFA687C7917}.Release|iPhoneSimulator.ActiveCfg = Release|Any CPU
		{8D6A72A6-4361-48B9-8B81-1BFA687C7917}.Release|iPhoneSimulator.Build.0 = Release|Any CPU
		{8D6A72A6-4361-48B9-8B81-1BFA687C7917}.Release|x64.ActiveCfg = Release|Any CPU
		{8D6A72A6-4361-48B9-8B81-1BFA687C7917}.Release|x64.Build.0 = Release|Any CPU
		{8D6A72A6-4361-48B9-8B81-1BFA687C7917}.Release|x86.ActiveCfg = Release|Any CPU
		{8D6A72A6-4361-48B9-8B81-1BFA687C7917}.Release|x86.Build.0 = Release|Any CPU
		{33E50065-E122-4C71-B22E-5D0D4BE0602E}.Ad-Hoc|Any CPU.ActiveCfg = Release|Any CPU
		{33E50065-E122-4C71-B22E-5D0D4BE0602E}.Ad-Hoc|Any CPU.Build.0 = Release|Any CPU
		{33E50065-E122-4C71-B22E-5D0D4BE0602E}.Ad-Hoc|Any CPU.Deploy.0 = Release|Any CPU
		{33E50065-E122-4C71-B22E-5D0D4BE0602E}.Ad-Hoc|ARM.ActiveCfg = Release|Any CPU
		{33E50065-E122-4C71-B22E-5D0D4BE0602E}.Ad-Hoc|ARM.Build.0 = Release|Any CPU
		{33E50065-E122-4C71-B22E-5D0D4BE0602E}.Ad-Hoc|ARM.Deploy.0 = Release|Any CPU
		{33E50065-E122-4C71-B22E-5D0D4BE0602E}.Ad-Hoc|iPhone.ActiveCfg = Release|Any CPU
		{33E50065-E122-4C71-B22E-5D0D4BE0602E}.Ad-Hoc|iPhone.Build.0 = Release|Any CPU
		{33E50065-E122-4C71-B22E-5D0D4BE0602E}.Ad-Hoc|iPhone.Deploy.0 = Release|Any CPU
		{33E50065-E122-4C71-B22E-5D0D4BE0602E}.Ad-Hoc|iPhoneSimulator.ActiveCfg = Release|Any CPU
		{33E50065-E122-4C71-B22E-5D0D4BE0602E}.Ad-Hoc|iPhoneSimulator.Build.0 = Release|Any CPU
		{33E50065-E122-4C71-B22E-5D0D4BE0602E}.Ad-Hoc|iPhoneSimulator.Deploy.0 = Release|Any CPU
		{33E50065-E122-4C71-B22E-5D0D4BE0602E}.Ad-Hoc|x64.ActiveCfg = Release|Any CPU
		{33E50065-E122-4C71-B22E-5D0D4BE0602E}.Ad-Hoc|x64.Build.0 = Release|Any CPU
		{33E50065-E122-4C71-B22E-5D0D4BE0602E}.Ad-Hoc|x64.Deploy.0 = Release|Any CPU
		{33E50065-E122-4C71-B22E-5D0D4BE0602E}.Ad-Hoc|x86.ActiveCfg = Release|Any CPU
		{33E50065-E122-4C71-B22E-5D0D4BE0602E}.Ad-Hoc|x86.Build.0 = Release|Any CPU
		{33E50065-E122-4C71-B22E-5D0D4BE0602E}.Ad-Hoc|x86.Deploy.0 = Release|Any CPU
		{33E50065-E122-4C71-B22E-5D0D4BE0602E}.AppStore|Any CPU.ActiveCfg = Release|Any CPU
		{33E50065-E122-4C71-B22E-5D0D4BE0602E}.AppStore|Any CPU.Build.0 = Release|Any CPU
		{33E50065-E122-4C71-B22E-5D0D4BE0602E}.AppStore|Any CPU.Deploy.0 = Release|Any CPU
		{33E50065-E122-4C71-B22E-5D0D4BE0602E}.AppStore|ARM.ActiveCfg = Release|Any CPU
		{33E50065-E122-4C71-B22E-5D0D4BE0602E}.AppStore|ARM.Build.0 = Release|Any CPU
		{33E50065-E122-4C71-B22E-5D0D4BE0602E}.AppStore|ARM.Deploy.0 = Release|Any CPU
		{33E50065-E122-4C71-B22E-5D0D4BE0602E}.AppStore|iPhone.ActiveCfg = Release|Any CPU
		{33E50065-E122-4C71-B22E-5D0D4BE0602E}.AppStore|iPhone.Build.0 = Release|Any CPU
		{33E50065-E122-4C71-B22E-5D0D4BE0602E}.AppStore|iPhone.Deploy.0 = Release|Any CPU
		{33E50065-E122-4C71-B22E-5D0D4BE0602E}.AppStore|iPhoneSimulator.ActiveCfg = Release|Any CPU
		{33E50065-E122-4C71-B22E-5D0D4BE0602E}.AppStore|iPhoneSimulator.Build.0 = Release|Any CPU
		{33E50065-E122-4C71-B22E-5D0D4BE0602E}.AppStore|iPhoneSimulator.Deploy.0 = Release|Any CPU
		{33E50065-E122-4C71-B22E-5D0D4BE0602E}.AppStore|x64.ActiveCfg = Release|Any CPU
		{33E50065-E122-4C71-B22E-5D0D4BE0602E}.AppStore|x64.Build.0 = Release|Any CPU
		{33E50065-E122-4C71-B22E-5D0D4BE0602E}.AppStore|x64.Deploy.0 = Release|Any CPU
		{33E50065-E122-4C71-B22E-5D0D4BE0602E}.AppStore|x86.ActiveCfg = Release|Any CPU
		{33E50065-E122-4C71-B22E-5D0D4BE0602E}.AppStore|x86.Build.0 = Release|Any CPU
		{33E50065-E122-4C71-B22E-5D0D4BE0602E}.AppStore|x86.Deploy.0 = Release|Any CPU
		{33E50065-E122-4C71-B22E-5D0D4BE0602E}.Debug|Any CPU.ActiveCfg = Debug|Any CPU
		{33E50065-E122-4C71-B22E-5D0D4BE0602E}.Debug|Any CPU.Build.0 = Debug|Any CPU
		{33E50065-E122-4C71-B22E-5D0D4BE0602E}.Debug|Any CPU.Deploy.0 = Debug|Any CPU
		{33E50065-E122-4C71-B22E-5D0D4BE0602E}.Debug|ARM.ActiveCfg = Debug|Any CPU
		{33E50065-E122-4C71-B22E-5D0D4BE0602E}.Debug|ARM.Build.0 = Debug|Any CPU
		{33E50065-E122-4C71-B22E-5D0D4BE0602E}.Debug|ARM.Deploy.0 = Debug|Any CPU
		{33E50065-E122-4C71-B22E-5D0D4BE0602E}.Debug|iPhone.ActiveCfg = Debug|Any CPU
		{33E50065-E122-4C71-B22E-5D0D4BE0602E}.Debug|iPhone.Build.0 = Debug|Any CPU
		{33E50065-E122-4C71-B22E-5D0D4BE0602E}.Debug|iPhone.Deploy.0 = Debug|Any CPU
		{33E50065-E122-4C71-B22E-5D0D4BE0602E}.Debug|iPhoneSimulator.ActiveCfg = Debug|Any CPU
		{33E50065-E122-4C71-B22E-5D0D4BE0602E}.Debug|iPhoneSimulator.Build.0 = Debug|Any CPU
		{33E50065-E122-4C71-B22E-5D0D4BE0602E}.Debug|iPhoneSimulator.Deploy.0 = Debug|Any CPU
		{33E50065-E122-4C71-B22E-5D0D4BE0602E}.Debug|x64.ActiveCfg = Debug|Any CPU
		{33E50065-E122-4C71-B22E-5D0D4BE0602E}.Debug|x64.Build.0 = Debug|Any CPU
		{33E50065-E122-4C71-B22E-5D0D4BE0602E}.Debug|x64.Deploy.0 = Debug|Any CPU
		{33E50065-E122-4C71-B22E-5D0D4BE0602E}.Debug|x86.ActiveCfg = Debug|Any CPU
		{33E50065-E122-4C71-B22E-5D0D4BE0602E}.Debug|x86.Build.0 = Debug|Any CPU
		{33E50065-E122-4C71-B22E-5D0D4BE0602E}.Debug|x86.Deploy.0 = Debug|Any CPU
		{33E50065-E122-4C71-B22E-5D0D4BE0602E}.Release|Any CPU.ActiveCfg = Release|Any CPU
		{33E50065-E122-4C71-B22E-5D0D4BE0602E}.Release|Any CPU.Build.0 = Release|Any CPU
		{33E50065-E122-4C71-B22E-5D0D4BE0602E}.Release|Any CPU.Deploy.0 = Release|Any CPU
		{33E50065-E122-4C71-B22E-5D0D4BE0602E}.Release|ARM.ActiveCfg = Release|Any CPU
		{33E50065-E122-4C71-B22E-5D0D4BE0602E}.Release|ARM.Build.0 = Release|Any CPU
		{33E50065-E122-4C71-B22E-5D0D4BE0602E}.Release|ARM.Deploy.0 = Release|Any CPU
		{33E50065-E122-4C71-B22E-5D0D4BE0602E}.Release|iPhone.ActiveCfg = Release|Any CPU
		{33E50065-E122-4C71-B22E-5D0D4BE0602E}.Release|iPhone.Build.0 = Release|Any CPU
		{33E50065-E122-4C71-B22E-5D0D4BE0602E}.Release|iPhone.Deploy.0 = Release|Any CPU
		{33E50065-E122-4C71-B22E-5D0D4BE0602E}.Release|iPhoneSimulator.ActiveCfg = Release|Any CPU
		{33E50065-E122-4C71-B22E-5D0D4BE0602E}.Release|iPhoneSimulator.Build.0 = Release|Any CPU
		{33E50065-E122-4C71-B22E-5D0D4BE0602E}.Release|iPhoneSimulator.Deploy.0 = Release|Any CPU
		{33E50065-E122-4C71-B22E-5D0D4BE0602E}.Release|x64.ActiveCfg = Release|Any CPU
		{33E50065-E122-4C71-B22E-5D0D4BE0602E}.Release|x64.Build.0 = Release|Any CPU
		{33E50065-E122-4C71-B22E-5D0D4BE0602E}.Release|x64.Deploy.0 = Release|Any CPU
		{33E50065-E122-4C71-B22E-5D0D4BE0602E}.Release|x86.ActiveCfg = Release|Any CPU
		{33E50065-E122-4C71-B22E-5D0D4BE0602E}.Release|x86.Build.0 = Release|Any CPU
		{33E50065-E122-4C71-B22E-5D0D4BE0602E}.Release|x86.Deploy.0 = Release|Any CPU
		{97144AC5-5CEA-4037-B292-FA727A3559A1}.Ad-Hoc|Any CPU.ActiveCfg = Ad-Hoc|iPhone
		{97144AC5-5CEA-4037-B292-FA727A3559A1}.Ad-Hoc|ARM.ActiveCfg = Ad-Hoc|iPhone
		{97144AC5-5CEA-4037-B292-FA727A3559A1}.Ad-Hoc|iPhone.ActiveCfg = Ad-Hoc|iPhone
		{97144AC5-5CEA-4037-B292-FA727A3559A1}.Ad-Hoc|iPhone.Build.0 = Ad-Hoc|iPhone
		{97144AC5-5CEA-4037-B292-FA727A3559A1}.Ad-Hoc|iPhoneSimulator.ActiveCfg = Ad-Hoc|iPhoneSimulator
		{97144AC5-5CEA-4037-B292-FA727A3559A1}.Ad-Hoc|iPhoneSimulator.Build.0 = Ad-Hoc|iPhoneSimulator
		{97144AC5-5CEA-4037-B292-FA727A3559A1}.Ad-Hoc|x64.ActiveCfg = Ad-Hoc|iPhone
		{97144AC5-5CEA-4037-B292-FA727A3559A1}.Ad-Hoc|x86.ActiveCfg = Ad-Hoc|iPhone
		{97144AC5-5CEA-4037-B292-FA727A3559A1}.AppStore|Any CPU.ActiveCfg = AppStore|iPhone
		{97144AC5-5CEA-4037-B292-FA727A3559A1}.AppStore|ARM.ActiveCfg = AppStore|iPhone
		{97144AC5-5CEA-4037-B292-FA727A3559A1}.AppStore|iPhone.ActiveCfg = AppStore|iPhone
		{97144AC5-5CEA-4037-B292-FA727A3559A1}.AppStore|iPhone.Build.0 = AppStore|iPhone
		{97144AC5-5CEA-4037-B292-FA727A3559A1}.AppStore|iPhoneSimulator.ActiveCfg = AppStore|iPhoneSimulator
		{97144AC5-5CEA-4037-B292-FA727A3559A1}.AppStore|iPhoneSimulator.Build.0 = AppStore|iPhoneSimulator
		{97144AC5-5CEA-4037-B292-FA727A3559A1}.AppStore|x64.ActiveCfg = AppStore|iPhone
		{97144AC5-5CEA-4037-B292-FA727A3559A1}.AppStore|x86.ActiveCfg = AppStore|iPhone
		{97144AC5-5CEA-4037-B292-FA727A3559A1}.Debug|Any CPU.ActiveCfg = Debug|iPhone
		{97144AC5-5CEA-4037-B292-FA727A3559A1}.Debug|ARM.ActiveCfg = Debug|iPhone
		{97144AC5-5CEA-4037-B292-FA727A3559A1}.Debug|iPhone.ActiveCfg = Debug|iPhone
		{97144AC5-5CEA-4037-B292-FA727A3559A1}.Debug|iPhone.Build.0 = Debug|iPhone
		{97144AC5-5CEA-4037-B292-FA727A3559A1}.Debug|iPhoneSimulator.ActiveCfg = Debug|iPhoneSimulator
		{97144AC5-5CEA-4037-B292-FA727A3559A1}.Debug|iPhoneSimulator.Build.0 = Debug|iPhoneSimulator
		{97144AC5-5CEA-4037-B292-FA727A3559A1}.Debug|x64.ActiveCfg = Debug|iPhone
		{97144AC5-5CEA-4037-B292-FA727A3559A1}.Debug|x86.ActiveCfg = Debug|iPhone
		{97144AC5-5CEA-4037-B292-FA727A3559A1}.Release|Any CPU.ActiveCfg = Release|iPhone
		{97144AC5-5CEA-4037-B292-FA727A3559A1}.Release|ARM.ActiveCfg = Release|iPhone
		{97144AC5-5CEA-4037-B292-FA727A3559A1}.Release|iPhone.ActiveCfg = Release|iPhone
		{97144AC5-5CEA-4037-B292-FA727A3559A1}.Release|iPhone.Build.0 = Release|iPhone
		{97144AC5-5CEA-4037-B292-FA727A3559A1}.Release|iPhoneSimulator.ActiveCfg = Release|iPhoneSimulator
		{97144AC5-5CEA-4037-B292-FA727A3559A1}.Release|iPhoneSimulator.Build.0 = Release|iPhoneSimulator
		{97144AC5-5CEA-4037-B292-FA727A3559A1}.Release|x64.ActiveCfg = Release|iPhone
		{97144AC5-5CEA-4037-B292-FA727A3559A1}.Release|x86.ActiveCfg = Release|iPhone
		{1EBD23FF-2836-40F1-A8E7-78A0DFBF8D78}.Ad-Hoc|Any CPU.ActiveCfg = Release|x86
		{1EBD23FF-2836-40F1-A8E7-78A0DFBF8D78}.Ad-Hoc|Any CPU.Build.0 = Release|x86
		{1EBD23FF-2836-40F1-A8E7-78A0DFBF8D78}.Ad-Hoc|Any CPU.Deploy.0 = Release|x86
		{1EBD23FF-2836-40F1-A8E7-78A0DFBF8D78}.Ad-Hoc|ARM.ActiveCfg = Release|ARM
		{1EBD23FF-2836-40F1-A8E7-78A0DFBF8D78}.Ad-Hoc|ARM.Build.0 = Release|ARM
		{1EBD23FF-2836-40F1-A8E7-78A0DFBF8D78}.Ad-Hoc|ARM.Deploy.0 = Release|ARM
		{1EBD23FF-2836-40F1-A8E7-78A0DFBF8D78}.Ad-Hoc|iPhone.ActiveCfg = Release|x86
		{1EBD23FF-2836-40F1-A8E7-78A0DFBF8D78}.Ad-Hoc|iPhone.Build.0 = Release|x86
		{1EBD23FF-2836-40F1-A8E7-78A0DFBF8D78}.Ad-Hoc|iPhone.Deploy.0 = Release|x86
		{1EBD23FF-2836-40F1-A8E7-78A0DFBF8D78}.Ad-Hoc|iPhoneSimulator.ActiveCfg = Release|x86
		{1EBD23FF-2836-40F1-A8E7-78A0DFBF8D78}.Ad-Hoc|iPhoneSimulator.Build.0 = Release|x86
		{1EBD23FF-2836-40F1-A8E7-78A0DFBF8D78}.Ad-Hoc|iPhoneSimulator.Deploy.0 = Release|x86
		{1EBD23FF-2836-40F1-A8E7-78A0DFBF8D78}.Ad-Hoc|x64.ActiveCfg = Release|x64
		{1EBD23FF-2836-40F1-A8E7-78A0DFBF8D78}.Ad-Hoc|x64.Build.0 = Release|x64
		{1EBD23FF-2836-40F1-A8E7-78A0DFBF8D78}.Ad-Hoc|x64.Deploy.0 = Release|x64
		{1EBD23FF-2836-40F1-A8E7-78A0DFBF8D78}.Ad-Hoc|x86.ActiveCfg = Release|x86
		{1EBD23FF-2836-40F1-A8E7-78A0DFBF8D78}.Ad-Hoc|x86.Build.0 = Release|x86
		{1EBD23FF-2836-40F1-A8E7-78A0DFBF8D78}.Ad-Hoc|x86.Deploy.0 = Release|x86
		{1EBD23FF-2836-40F1-A8E7-78A0DFBF8D78}.AppStore|Any CPU.ActiveCfg = Release|x86
		{1EBD23FF-2836-40F1-A8E7-78A0DFBF8D78}.AppStore|Any CPU.Build.0 = Release|x86
		{1EBD23FF-2836-40F1-A8E7-78A0DFBF8D78}.AppStore|Any CPU.Deploy.0 = Release|x86
		{1EBD23FF-2836-40F1-A8E7-78A0DFBF8D78}.AppStore|ARM.ActiveCfg = Release|ARM
		{1EBD23FF-2836-40F1-A8E7-78A0DFBF8D78}.AppStore|ARM.Build.0 = Release|ARM
		{1EBD23FF-2836-40F1-A8E7-78A0DFBF8D78}.AppStore|ARM.Deploy.0 = Release|ARM
		{1EBD23FF-2836-40F1-A8E7-78A0DFBF8D78}.AppStore|iPhone.ActiveCfg = Release|x86
		{1EBD23FF-2836-40F1-A8E7-78A0DFBF8D78}.AppStore|iPhone.Build.0 = Release|x86
		{1EBD23FF-2836-40F1-A8E7-78A0DFBF8D78}.AppStore|iPhone.Deploy.0 = Release|x86
		{1EBD23FF-2836-40F1-A8E7-78A0DFBF8D78}.AppStore|iPhoneSimulator.ActiveCfg = Release|x86
		{1EBD23FF-2836-40F1-A8E7-78A0DFBF8D78}.AppStore|iPhoneSimulator.Build.0 = Release|x86
		{1EBD23FF-2836-40F1-A8E7-78A0DFBF8D78}.AppStore|iPhoneSimulator.Deploy.0 = Release|x86
		{1EBD23FF-2836-40F1-A8E7-78A0DFBF8D78}.AppStore|x64.ActiveCfg = Release|x64
		{1EBD23FF-2836-40F1-A8E7-78A0DFBF8D78}.AppStore|x64.Build.0 = Release|x64
		{1EBD23FF-2836-40F1-A8E7-78A0DFBF8D78}.AppStore|x64.Deploy.0 = Release|x64
		{1EBD23FF-2836-40F1-A8E7-78A0DFBF8D78}.AppStore|x86.ActiveCfg = Release|x86
		{1EBD23FF-2836-40F1-A8E7-78A0DFBF8D78}.AppStore|x86.Build.0 = Release|x86
		{1EBD23FF-2836-40F1-A8E7-78A0DFBF8D78}.AppStore|x86.Deploy.0 = Release|x86
		{1EBD23FF-2836-40F1-A8E7-78A0DFBF8D78}.Debug|Any CPU.ActiveCfg = Debug|x86
		{1EBD23FF-2836-40F1-A8E7-78A0DFBF8D78}.Debug|ARM.ActiveCfg = Debug|ARM
		{1EBD23FF-2836-40F1-A8E7-78A0DFBF8D78}.Debug|ARM.Build.0 = Debug|ARM
		{1EBD23FF-2836-40F1-A8E7-78A0DFBF8D78}.Debug|ARM.Deploy.0 = Debug|ARM
		{1EBD23FF-2836-40F1-A8E7-78A0DFBF8D78}.Debug|iPhone.ActiveCfg = Debug|x86
		{1EBD23FF-2836-40F1-A8E7-78A0DFBF8D78}.Debug|iPhoneSimulator.ActiveCfg = Debug|x86
		{1EBD23FF-2836-40F1-A8E7-78A0DFBF8D78}.Debug|x64.ActiveCfg = Debug|x64
		{1EBD23FF-2836-40F1-A8E7-78A0DFBF8D78}.Debug|x64.Build.0 = Debug|x64
		{1EBD23FF-2836-40F1-A8E7-78A0DFBF8D78}.Debug|x64.Deploy.0 = Debug|x64
		{1EBD23FF-2836-40F1-A8E7-78A0DFBF8D78}.Debug|x86.ActiveCfg = Debug|x86
		{1EBD23FF-2836-40F1-A8E7-78A0DFBF8D78}.Debug|x86.Build.0 = Debug|x86
		{1EBD23FF-2836-40F1-A8E7-78A0DFBF8D78}.Debug|x86.Deploy.0 = Debug|x86
		{1EBD23FF-2836-40F1-A8E7-78A0DFBF8D78}.Release|Any CPU.ActiveCfg = Release|x86
		{1EBD23FF-2836-40F1-A8E7-78A0DFBF8D78}.Release|ARM.ActiveCfg = Release|ARM
		{1EBD23FF-2836-40F1-A8E7-78A0DFBF8D78}.Release|ARM.Build.0 = Release|ARM
		{1EBD23FF-2836-40F1-A8E7-78A0DFBF8D78}.Release|ARM.Deploy.0 = Release|ARM
		{1EBD23FF-2836-40F1-A8E7-78A0DFBF8D78}.Release|iPhone.ActiveCfg = Release|x86
		{1EBD23FF-2836-40F1-A8E7-78A0DFBF8D78}.Release|iPhoneSimulator.ActiveCfg = Release|x86
		{1EBD23FF-2836-40F1-A8E7-78A0DFBF8D78}.Release|x64.ActiveCfg = Release|x64
		{1EBD23FF-2836-40F1-A8E7-78A0DFBF8D78}.Release|x64.Build.0 = Release|x64
		{1EBD23FF-2836-40F1-A8E7-78A0DFBF8D78}.Release|x64.Deploy.0 = Release|x64
		{1EBD23FF-2836-40F1-A8E7-78A0DFBF8D78}.Release|x86.ActiveCfg = Release|x86
		{1EBD23FF-2836-40F1-A8E7-78A0DFBF8D78}.Release|x86.Build.0 = Release|x86
		{1EBD23FF-2836-40F1-A8E7-78A0DFBF8D78}.Release|x86.Deploy.0 = Release|x86
		{732FC32F-A2F8-4352-9B3A-55AA5324D7DE}.Ad-Hoc|Any CPU.ActiveCfg = Release|Any CPU
		{732FC32F-A2F8-4352-9B3A-55AA5324D7DE}.Ad-Hoc|Any CPU.Build.0 = Release|Any CPU
		{732FC32F-A2F8-4352-9B3A-55AA5324D7DE}.Ad-Hoc|ARM.ActiveCfg = Release|Any CPU
		{732FC32F-A2F8-4352-9B3A-55AA5324D7DE}.Ad-Hoc|ARM.Build.0 = Release|Any CPU
		{732FC32F-A2F8-4352-9B3A-55AA5324D7DE}.Ad-Hoc|iPhone.ActiveCfg = Release|Any CPU
		{732FC32F-A2F8-4352-9B3A-55AA5324D7DE}.Ad-Hoc|iPhone.Build.0 = Release|Any CPU
		{732FC32F-A2F8-4352-9B3A-55AA5324D7DE}.Ad-Hoc|iPhoneSimulator.ActiveCfg = Release|Any CPU
		{732FC32F-A2F8-4352-9B3A-55AA5324D7DE}.Ad-Hoc|iPhoneSimulator.Build.0 = Release|Any CPU
		{732FC32F-A2F8-4352-9B3A-55AA5324D7DE}.Ad-Hoc|x64.ActiveCfg = Release|Any CPU
		{732FC32F-A2F8-4352-9B3A-55AA5324D7DE}.Ad-Hoc|x64.Build.0 = Release|Any CPU
		{732FC32F-A2F8-4352-9B3A-55AA5324D7DE}.Ad-Hoc|x86.ActiveCfg = Release|Any CPU
		{732FC32F-A2F8-4352-9B3A-55AA5324D7DE}.Ad-Hoc|x86.Build.0 = Release|Any CPU
		{732FC32F-A2F8-4352-9B3A-55AA5324D7DE}.AppStore|Any CPU.ActiveCfg = Release|Any CPU
		{732FC32F-A2F8-4352-9B3A-55AA5324D7DE}.AppStore|Any CPU.Build.0 = Release|Any CPU
		{732FC32F-A2F8-4352-9B3A-55AA5324D7DE}.AppStore|ARM.ActiveCfg = Release|Any CPU
		{732FC32F-A2F8-4352-9B3A-55AA5324D7DE}.AppStore|ARM.Build.0 = Release|Any CPU
		{732FC32F-A2F8-4352-9B3A-55AA5324D7DE}.AppStore|iPhone.ActiveCfg = Release|Any CPU
		{732FC32F-A2F8-4352-9B3A-55AA5324D7DE}.AppStore|iPhone.Build.0 = Release|Any CPU
		{732FC32F-A2F8-4352-9B3A-55AA5324D7DE}.AppStore|iPhoneSimulator.ActiveCfg = Release|Any CPU
		{732FC32F-A2F8-4352-9B3A-55AA5324D7DE}.AppStore|iPhoneSimulator.Build.0 = Release|Any CPU
		{732FC32F-A2F8-4352-9B3A-55AA5324D7DE}.AppStore|x64.ActiveCfg = Release|Any CPU
		{732FC32F-A2F8-4352-9B3A-55AA5324D7DE}.AppStore|x64.Build.0 = Release|Any CPU
		{732FC32F-A2F8-4352-9B3A-55AA5324D7DE}.AppStore|x86.ActiveCfg = Release|Any CPU
		{732FC32F-A2F8-4352-9B3A-55AA5324D7DE}.AppStore|x86.Build.0 = Release|Any CPU
		{732FC32F-A2F8-4352-9B3A-55AA5324D7DE}.Debug|Any CPU.ActiveCfg = Debug|Any CPU
		{732FC32F-A2F8-4352-9B3A-55AA5324D7DE}.Debug|Any CPU.Build.0 = Debug|Any CPU
		{732FC32F-A2F8-4352-9B3A-55AA5324D7DE}.Debug|ARM.ActiveCfg = Debug|Any CPU
		{732FC32F-A2F8-4352-9B3A-55AA5324D7DE}.Debug|ARM.Build.0 = Debug|Any CPU
		{732FC32F-A2F8-4352-9B3A-55AA5324D7DE}.Debug|iPhone.ActiveCfg = Debug|Any CPU
		{732FC32F-A2F8-4352-9B3A-55AA5324D7DE}.Debug|iPhone.Build.0 = Debug|Any CPU
		{732FC32F-A2F8-4352-9B3A-55AA5324D7DE}.Debug|iPhoneSimulator.ActiveCfg = Debug|Any CPU
		{732FC32F-A2F8-4352-9B3A-55AA5324D7DE}.Debug|iPhoneSimulator.Build.0 = Debug|Any CPU
		{732FC32F-A2F8-4352-9B3A-55AA5324D7DE}.Debug|x64.ActiveCfg = Debug|Any CPU
		{732FC32F-A2F8-4352-9B3A-55AA5324D7DE}.Debug|x64.Build.0 = Debug|Any CPU
		{732FC32F-A2F8-4352-9B3A-55AA5324D7DE}.Debug|x86.ActiveCfg = Debug|Any CPU
		{732FC32F-A2F8-4352-9B3A-55AA5324D7DE}.Debug|x86.Build.0 = Debug|Any CPU
		{732FC32F-A2F8-4352-9B3A-55AA5324D7DE}.Release|Any CPU.ActiveCfg = Release|Any CPU
		{732FC32F-A2F8-4352-9B3A-55AA5324D7DE}.Release|Any CPU.Build.0 = Release|Any CPU
		{732FC32F-A2F8-4352-9B3A-55AA5324D7DE}.Release|ARM.ActiveCfg = Release|Any CPU
		{732FC32F-A2F8-4352-9B3A-55AA5324D7DE}.Release|ARM.Build.0 = Release|Any CPU
		{732FC32F-A2F8-4352-9B3A-55AA5324D7DE}.Release|iPhone.ActiveCfg = Release|Any CPU
		{732FC32F-A2F8-4352-9B3A-55AA5324D7DE}.Release|iPhone.Build.0 = Release|Any CPU
		{732FC32F-A2F8-4352-9B3A-55AA5324D7DE}.Release|iPhoneSimulator.ActiveCfg = Release|Any CPU
		{732FC32F-A2F8-4352-9B3A-55AA5324D7DE}.Release|iPhoneSimulator.Build.0 = Release|Any CPU
		{732FC32F-A2F8-4352-9B3A-55AA5324D7DE}.Release|x64.ActiveCfg = Release|Any CPU
		{732FC32F-A2F8-4352-9B3A-55AA5324D7DE}.Release|x64.Build.0 = Release|Any CPU
		{732FC32F-A2F8-4352-9B3A-55AA5324D7DE}.Release|x86.ActiveCfg = Release|Any CPU
		{732FC32F-A2F8-4352-9B3A-55AA5324D7DE}.Release|x86.Build.0 = Release|Any CPU
		{C65851C0-95C3-4549-A411-308364C2F0C5}.Ad-Hoc|Any CPU.ActiveCfg = Release|Any CPU
		{C65851C0-95C3-4549-A411-308364C2F0C5}.Ad-Hoc|Any CPU.Build.0 = Release|Any CPU
		{C65851C0-95C3-4549-A411-308364C2F0C5}.Ad-Hoc|Any CPU.Deploy.0 = Release|Any CPU
		{C65851C0-95C3-4549-A411-308364C2F0C5}.Ad-Hoc|ARM.ActiveCfg = Release|Any CPU
		{C65851C0-95C3-4549-A411-308364C2F0C5}.Ad-Hoc|ARM.Build.0 = Release|Any CPU
		{C65851C0-95C3-4549-A411-308364C2F0C5}.Ad-Hoc|ARM.Deploy.0 = Release|Any CPU
		{C65851C0-95C3-4549-A411-308364C2F0C5}.Ad-Hoc|iPhone.ActiveCfg = Release|Any CPU
		{C65851C0-95C3-4549-A411-308364C2F0C5}.Ad-Hoc|iPhone.Build.0 = Release|Any CPU
		{C65851C0-95C3-4549-A411-308364C2F0C5}.Ad-Hoc|iPhone.Deploy.0 = Release|Any CPU
		{C65851C0-95C3-4549-A411-308364C2F0C5}.Ad-Hoc|iPhoneSimulator.ActiveCfg = Release|Any CPU
		{C65851C0-95C3-4549-A411-308364C2F0C5}.Ad-Hoc|iPhoneSimulator.Build.0 = Release|Any CPU
		{C65851C0-95C3-4549-A411-308364C2F0C5}.Ad-Hoc|iPhoneSimulator.Deploy.0 = Release|Any CPU
		{C65851C0-95C3-4549-A411-308364C2F0C5}.Ad-Hoc|x64.ActiveCfg = Release|Any CPU
		{C65851C0-95C3-4549-A411-308364C2F0C5}.Ad-Hoc|x64.Build.0 = Release|Any CPU
		{C65851C0-95C3-4549-A411-308364C2F0C5}.Ad-Hoc|x64.Deploy.0 = Release|Any CPU
		{C65851C0-95C3-4549-A411-308364C2F0C5}.Ad-Hoc|x86.ActiveCfg = Release|Any CPU
		{C65851C0-95C3-4549-A411-308364C2F0C5}.Ad-Hoc|x86.Build.0 = Release|Any CPU
		{C65851C0-95C3-4549-A411-308364C2F0C5}.Ad-Hoc|x86.Deploy.0 = Release|Any CPU
		{C65851C0-95C3-4549-A411-308364C2F0C5}.AppStore|Any CPU.ActiveCfg = Release|Any CPU
		{C65851C0-95C3-4549-A411-308364C2F0C5}.AppStore|Any CPU.Build.0 = Release|Any CPU
		{C65851C0-95C3-4549-A411-308364C2F0C5}.AppStore|Any CPU.Deploy.0 = Release|Any CPU
		{C65851C0-95C3-4549-A411-308364C2F0C5}.AppStore|ARM.ActiveCfg = Release|Any CPU
		{C65851C0-95C3-4549-A411-308364C2F0C5}.AppStore|ARM.Build.0 = Release|Any CPU
		{C65851C0-95C3-4549-A411-308364C2F0C5}.AppStore|ARM.Deploy.0 = Release|Any CPU
		{C65851C0-95C3-4549-A411-308364C2F0C5}.AppStore|iPhone.ActiveCfg = Release|Any CPU
		{C65851C0-95C3-4549-A411-308364C2F0C5}.AppStore|iPhone.Build.0 = Release|Any CPU
		{C65851C0-95C3-4549-A411-308364C2F0C5}.AppStore|iPhone.Deploy.0 = Release|Any CPU
		{C65851C0-95C3-4549-A411-308364C2F0C5}.AppStore|iPhoneSimulator.ActiveCfg = Release|Any CPU
		{C65851C0-95C3-4549-A411-308364C2F0C5}.AppStore|iPhoneSimulator.Build.0 = Release|Any CPU
		{C65851C0-95C3-4549-A411-308364C2F0C5}.AppStore|iPhoneSimulator.Deploy.0 = Release|Any CPU
		{C65851C0-95C3-4549-A411-308364C2F0C5}.AppStore|x64.ActiveCfg = Release|Any CPU
		{C65851C0-95C3-4549-A411-308364C2F0C5}.AppStore|x64.Build.0 = Release|Any CPU
		{C65851C0-95C3-4549-A411-308364C2F0C5}.AppStore|x64.Deploy.0 = Release|Any CPU
		{C65851C0-95C3-4549-A411-308364C2F0C5}.AppStore|x86.ActiveCfg = Release|Any CPU
		{C65851C0-95C3-4549-A411-308364C2F0C5}.AppStore|x86.Build.0 = Release|Any CPU
		{C65851C0-95C3-4549-A411-308364C2F0C5}.AppStore|x86.Deploy.0 = Release|Any CPU
		{C65851C0-95C3-4549-A411-308364C2F0C5}.Debug|Any CPU.ActiveCfg = Debug|Any CPU
		{C65851C0-95C3-4549-A411-308364C2F0C5}.Debug|Any CPU.Build.0 = Debug|Any CPU
		{C65851C0-95C3-4549-A411-308364C2F0C5}.Debug|Any CPU.Deploy.0 = Debug|Any CPU
		{C65851C0-95C3-4549-A411-308364C2F0C5}.Debug|ARM.ActiveCfg = Debug|Any CPU
		{C65851C0-95C3-4549-A411-308364C2F0C5}.Debug|ARM.Build.0 = Debug|Any CPU
		{C65851C0-95C3-4549-A411-308364C2F0C5}.Debug|ARM.Deploy.0 = Debug|Any CPU
		{C65851C0-95C3-4549-A411-308364C2F0C5}.Debug|iPhone.ActiveCfg = Debug|Any CPU
		{C65851C0-95C3-4549-A411-308364C2F0C5}.Debug|iPhone.Build.0 = Debug|Any CPU
		{C65851C0-95C3-4549-A411-308364C2F0C5}.Debug|iPhone.Deploy.0 = Debug|Any CPU
		{C65851C0-95C3-4549-A411-308364C2F0C5}.Debug|iPhoneSimulator.ActiveCfg = Debug|Any CPU
		{C65851C0-95C3-4549-A411-308364C2F0C5}.Debug|iPhoneSimulator.Build.0 = Debug|Any CPU
		{C65851C0-95C3-4549-A411-308364C2F0C5}.Debug|iPhoneSimulator.Deploy.0 = Debug|Any CPU
		{C65851C0-95C3-4549-A411-308364C2F0C5}.Debug|x64.ActiveCfg = Debug|Any CPU
		{C65851C0-95C3-4549-A411-308364C2F0C5}.Debug|x64.Build.0 = Debug|Any CPU
		{C65851C0-95C3-4549-A411-308364C2F0C5}.Debug|x64.Deploy.0 = Debug|Any CPU
		{C65851C0-95C3-4549-A411-308364C2F0C5}.Debug|x86.ActiveCfg = Debug|Any CPU
		{C65851C0-95C3-4549-A411-308364C2F0C5}.Debug|x86.Build.0 = Debug|Any CPU
		{C65851C0-95C3-4549-A411-308364C2F0C5}.Debug|x86.Deploy.0 = Debug|Any CPU
		{C65851C0-95C3-4549-A411-308364C2F0C5}.Release|Any CPU.ActiveCfg = Release|Any CPU
		{C65851C0-95C3-4549-A411-308364C2F0C5}.Release|Any CPU.Build.0 = Release|Any CPU
		{C65851C0-95C3-4549-A411-308364C2F0C5}.Release|Any CPU.Deploy.0 = Release|Any CPU
		{C65851C0-95C3-4549-A411-308364C2F0C5}.Release|ARM.ActiveCfg = Release|Any CPU
		{C65851C0-95C3-4549-A411-308364C2F0C5}.Release|ARM.Build.0 = Release|Any CPU
		{C65851C0-95C3-4549-A411-308364C2F0C5}.Release|ARM.Deploy.0 = Release|Any CPU
		{C65851C0-95C3-4549-A411-308364C2F0C5}.Release|iPhone.ActiveCfg = Release|Any CPU
		{C65851C0-95C3-4549-A411-308364C2F0C5}.Release|iPhone.Build.0 = Release|Any CPU
		{C65851C0-95C3-4549-A411-308364C2F0C5}.Release|iPhone.Deploy.0 = Release|Any CPU
		{C65851C0-95C3-4549-A411-308364C2F0C5}.Release|iPhoneSimulator.ActiveCfg = Release|Any CPU
		{C65851C0-95C3-4549-A411-308364C2F0C5}.Release|iPhoneSimulator.Build.0 = Release|Any CPU
		{C65851C0-95C3-4549-A411-308364C2F0C5}.Release|iPhoneSimulator.Deploy.0 = Release|Any CPU
		{C65851C0-95C3-4549-A411-308364C2F0C5}.Release|x64.ActiveCfg = Release|Any CPU
		{C65851C0-95C3-4549-A411-308364C2F0C5}.Release|x64.Build.0 = Release|Any CPU
		{C65851C0-95C3-4549-A411-308364C2F0C5}.Release|x64.Deploy.0 = Release|Any CPU
		{C65851C0-95C3-4549-A411-308364C2F0C5}.Release|x86.ActiveCfg = Release|Any CPU
		{C65851C0-95C3-4549-A411-308364C2F0C5}.Release|x86.Build.0 = Release|Any CPU
		{C65851C0-95C3-4549-A411-308364C2F0C5}.Release|x86.Deploy.0 = Release|Any CPU
		{0F1CF926-6E2B-4AAF-8683-8618368447D8}.Ad-Hoc|Any CPU.ActiveCfg = Ad-Hoc|iPhone
		{0F1CF926-6E2B-4AAF-8683-8618368447D8}.Ad-Hoc|ARM.ActiveCfg = Ad-Hoc|iPhone
		{0F1CF926-6E2B-4AAF-8683-8618368447D8}.Ad-Hoc|iPhone.ActiveCfg = Ad-Hoc|iPhone
		{0F1CF926-6E2B-4AAF-8683-8618368447D8}.Ad-Hoc|iPhone.Build.0 = Ad-Hoc|iPhone
		{0F1CF926-6E2B-4AAF-8683-8618368447D8}.Ad-Hoc|iPhoneSimulator.ActiveCfg = Ad-Hoc|iPhoneSimulator
		{0F1CF926-6E2B-4AAF-8683-8618368447D8}.Ad-Hoc|iPhoneSimulator.Build.0 = Ad-Hoc|iPhoneSimulator
		{0F1CF926-6E2B-4AAF-8683-8618368447D8}.Ad-Hoc|x64.ActiveCfg = Ad-Hoc|iPhone
		{0F1CF926-6E2B-4AAF-8683-8618368447D8}.Ad-Hoc|x86.ActiveCfg = Ad-Hoc|iPhone
		{0F1CF926-6E2B-4AAF-8683-8618368447D8}.AppStore|Any CPU.ActiveCfg = AppStore|iPhone
		{0F1CF926-6E2B-4AAF-8683-8618368447D8}.AppStore|ARM.ActiveCfg = AppStore|iPhone
		{0F1CF926-6E2B-4AAF-8683-8618368447D8}.AppStore|iPhone.ActiveCfg = AppStore|iPhone
		{0F1CF926-6E2B-4AAF-8683-8618368447D8}.AppStore|iPhone.Build.0 = AppStore|iPhone
		{0F1CF926-6E2B-4AAF-8683-8618368447D8}.AppStore|iPhoneSimulator.ActiveCfg = AppStore|iPhoneSimulator
		{0F1CF926-6E2B-4AAF-8683-8618368447D8}.AppStore|iPhoneSimulator.Build.0 = AppStore|iPhoneSimulator
		{0F1CF926-6E2B-4AAF-8683-8618368447D8}.AppStore|x64.ActiveCfg = AppStore|iPhone
		{0F1CF926-6E2B-4AAF-8683-8618368447D8}.AppStore|x86.ActiveCfg = AppStore|iPhone
		{0F1CF926-6E2B-4AAF-8683-8618368447D8}.Debug|Any CPU.ActiveCfg = Debug|iPhone
		{0F1CF926-6E2B-4AAF-8683-8618368447D8}.Debug|ARM.ActiveCfg = Debug|iPhone
		{0F1CF926-6E2B-4AAF-8683-8618368447D8}.Debug|iPhone.ActiveCfg = Debug|iPhone
		{0F1CF926-6E2B-4AAF-8683-8618368447D8}.Debug|iPhone.Build.0 = Debug|iPhone
		{0F1CF926-6E2B-4AAF-8683-8618368447D8}.Debug|iPhoneSimulator.ActiveCfg = Debug|iPhoneSimulator
		{0F1CF926-6E2B-4AAF-8683-8618368447D8}.Debug|iPhoneSimulator.Build.0 = Debug|iPhoneSimulator
		{0F1CF926-6E2B-4AAF-8683-8618368447D8}.Debug|x64.ActiveCfg = Debug|iPhone
		{0F1CF926-6E2B-4AAF-8683-8618368447D8}.Debug|x86.ActiveCfg = Debug|iPhone
		{0F1CF926-6E2B-4AAF-8683-8618368447D8}.Release|Any CPU.ActiveCfg = Release|iPhone
		{0F1CF926-6E2B-4AAF-8683-8618368447D8}.Release|ARM.ActiveCfg = Release|iPhone
		{0F1CF926-6E2B-4AAF-8683-8618368447D8}.Release|iPhone.ActiveCfg = Release|iPhone
		{0F1CF926-6E2B-4AAF-8683-8618368447D8}.Release|iPhone.Build.0 = Release|iPhone
		{0F1CF926-6E2B-4AAF-8683-8618368447D8}.Release|iPhoneSimulator.ActiveCfg = Release|iPhoneSimulator
		{0F1CF926-6E2B-4AAF-8683-8618368447D8}.Release|iPhoneSimulator.Build.0 = Release|iPhoneSimulator
		{0F1CF926-6E2B-4AAF-8683-8618368447D8}.Release|x64.ActiveCfg = Release|iPhone
		{0F1CF926-6E2B-4AAF-8683-8618368447D8}.Release|x86.ActiveCfg = Release|iPhone
		{3C4A9466-D560-487D-B640-22669D87DE80}.Ad-Hoc|Any CPU.ActiveCfg = Release|x86
		{3C4A9466-D560-487D-B640-22669D87DE80}.Ad-Hoc|Any CPU.Build.0 = Release|x86
		{3C4A9466-D560-487D-B640-22669D87DE80}.Ad-Hoc|Any CPU.Deploy.0 = Release|x86
		{3C4A9466-D560-487D-B640-22669D87DE80}.Ad-Hoc|ARM.ActiveCfg = Release|ARM
		{3C4A9466-D560-487D-B640-22669D87DE80}.Ad-Hoc|ARM.Build.0 = Release|ARM
		{3C4A9466-D560-487D-B640-22669D87DE80}.Ad-Hoc|ARM.Deploy.0 = Release|ARM
		{3C4A9466-D560-487D-B640-22669D87DE80}.Ad-Hoc|iPhone.ActiveCfg = Release|x86
		{3C4A9466-D560-487D-B640-22669D87DE80}.Ad-Hoc|iPhone.Build.0 = Release|x86
		{3C4A9466-D560-487D-B640-22669D87DE80}.Ad-Hoc|iPhone.Deploy.0 = Release|x86
		{3C4A9466-D560-487D-B640-22669D87DE80}.Ad-Hoc|iPhoneSimulator.ActiveCfg = Release|x86
		{3C4A9466-D560-487D-B640-22669D87DE80}.Ad-Hoc|iPhoneSimulator.Build.0 = Release|x86
		{3C4A9466-D560-487D-B640-22669D87DE80}.Ad-Hoc|iPhoneSimulator.Deploy.0 = Release|x86
		{3C4A9466-D560-487D-B640-22669D87DE80}.Ad-Hoc|x64.ActiveCfg = Release|x64
		{3C4A9466-D560-487D-B640-22669D87DE80}.Ad-Hoc|x64.Build.0 = Release|x64
		{3C4A9466-D560-487D-B640-22669D87DE80}.Ad-Hoc|x64.Deploy.0 = Release|x64
		{3C4A9466-D560-487D-B640-22669D87DE80}.Ad-Hoc|x86.ActiveCfg = Release|x86
		{3C4A9466-D560-487D-B640-22669D87DE80}.Ad-Hoc|x86.Build.0 = Release|x86
		{3C4A9466-D560-487D-B640-22669D87DE80}.Ad-Hoc|x86.Deploy.0 = Release|x86
		{3C4A9466-D560-487D-B640-22669D87DE80}.AppStore|Any CPU.ActiveCfg = Release|x86
		{3C4A9466-D560-487D-B640-22669D87DE80}.AppStore|Any CPU.Build.0 = Release|x86
		{3C4A9466-D560-487D-B640-22669D87DE80}.AppStore|Any CPU.Deploy.0 = Release|x86
		{3C4A9466-D560-487D-B640-22669D87DE80}.AppStore|ARM.ActiveCfg = Release|ARM
		{3C4A9466-D560-487D-B640-22669D87DE80}.AppStore|ARM.Build.0 = Release|ARM
		{3C4A9466-D560-487D-B640-22669D87DE80}.AppStore|ARM.Deploy.0 = Release|ARM
		{3C4A9466-D560-487D-B640-22669D87DE80}.AppStore|iPhone.ActiveCfg = Release|x86
		{3C4A9466-D560-487D-B640-22669D87DE80}.AppStore|iPhone.Build.0 = Release|x86
		{3C4A9466-D560-487D-B640-22669D87DE80}.AppStore|iPhone.Deploy.0 = Release|x86
		{3C4A9466-D560-487D-B640-22669D87DE80}.AppStore|iPhoneSimulator.ActiveCfg = Release|x86
		{3C4A9466-D560-487D-B640-22669D87DE80}.AppStore|iPhoneSimulator.Build.0 = Release|x86
		{3C4A9466-D560-487D-B640-22669D87DE80}.AppStore|iPhoneSimulator.Deploy.0 = Release|x86
		{3C4A9466-D560-487D-B640-22669D87DE80}.AppStore|x64.ActiveCfg = Release|x64
		{3C4A9466-D560-487D-B640-22669D87DE80}.AppStore|x64.Build.0 = Release|x64
		{3C4A9466-D560-487D-B640-22669D87DE80}.AppStore|x64.Deploy.0 = Release|x64
		{3C4A9466-D560-487D-B640-22669D87DE80}.AppStore|x86.ActiveCfg = Release|x86
		{3C4A9466-D560-487D-B640-22669D87DE80}.AppStore|x86.Build.0 = Release|x86
		{3C4A9466-D560-487D-B640-22669D87DE80}.AppStore|x86.Deploy.0 = Release|x86
		{3C4A9466-D560-487D-B640-22669D87DE80}.Debug|Any CPU.ActiveCfg = Debug|x86
		{3C4A9466-D560-487D-B640-22669D87DE80}.Debug|ARM.ActiveCfg = Debug|ARM
		{3C4A9466-D560-487D-B640-22669D87DE80}.Debug|ARM.Build.0 = Debug|ARM
		{3C4A9466-D560-487D-B640-22669D87DE80}.Debug|ARM.Deploy.0 = Debug|ARM
		{3C4A9466-D560-487D-B640-22669D87DE80}.Debug|iPhone.ActiveCfg = Debug|x86
		{3C4A9466-D560-487D-B640-22669D87DE80}.Debug|iPhoneSimulator.ActiveCfg = Debug|x86
		{3C4A9466-D560-487D-B640-22669D87DE80}.Debug|x64.ActiveCfg = Debug|x64
		{3C4A9466-D560-487D-B640-22669D87DE80}.Debug|x64.Build.0 = Debug|x64
		{3C4A9466-D560-487D-B640-22669D87DE80}.Debug|x64.Deploy.0 = Debug|x64
		{3C4A9466-D560-487D-B640-22669D87DE80}.Debug|x86.ActiveCfg = Debug|x86
		{3C4A9466-D560-487D-B640-22669D87DE80}.Debug|x86.Build.0 = Debug|x86
		{3C4A9466-D560-487D-B640-22669D87DE80}.Debug|x86.Deploy.0 = Debug|x86
		{3C4A9466-D560-487D-B640-22669D87DE80}.Release|Any CPU.ActiveCfg = Release|x86
		{3C4A9466-D560-487D-B640-22669D87DE80}.Release|ARM.ActiveCfg = Release|ARM
		{3C4A9466-D560-487D-B640-22669D87DE80}.Release|ARM.Build.0 = Release|ARM
		{3C4A9466-D560-487D-B640-22669D87DE80}.Release|ARM.Deploy.0 = Release|ARM
		{3C4A9466-D560-487D-B640-22669D87DE80}.Release|iPhone.ActiveCfg = Release|x86
		{3C4A9466-D560-487D-B640-22669D87DE80}.Release|iPhoneSimulator.ActiveCfg = Release|x86
		{3C4A9466-D560-487D-B640-22669D87DE80}.Release|x64.ActiveCfg = Release|x64
		{3C4A9466-D560-487D-B640-22669D87DE80}.Release|x64.Build.0 = Release|x64
		{3C4A9466-D560-487D-B640-22669D87DE80}.Release|x64.Deploy.0 = Release|x64
		{3C4A9466-D560-487D-B640-22669D87DE80}.Release|x86.ActiveCfg = Release|x86
		{3C4A9466-D560-487D-B640-22669D87DE80}.Release|x86.Build.0 = Release|x86
		{3C4A9466-D560-487D-B640-22669D87DE80}.Release|x86.Deploy.0 = Release|x86
	EndGlobalSection
	GlobalSection(SolutionProperties) = preSolution
		HideSolutionNode = FALSE
	EndGlobalSection
	GlobalSection(NestedProjects) = preSolution
		{C16493F9-921D-4C1A-BC8C-81AA46363F76} = {753E5151-3A7E-4A4B-AADC-658EE8302ECD}
		{20CD8846-2ABC-4E9E-837B-D41C35D5EA0D} = {753E5151-3A7E-4A4B-AADC-658EE8302ECD}
		{F48BCB9E-B128-4AA8-9FCE-0AC48A1DCCB3} = {753E5151-3A7E-4A4B-AADC-658EE8302ECD}
		{4BAB449A-A006-4E2C-B78F-38FC72996181} = {753E5151-3A7E-4A4B-AADC-658EE8302ECD}
		{8D6A72A6-4361-48B9-8B81-1BFA687C7917} = {9C5F4FAB-31AD-4D35-A296-FA1F64B4EF5B}
		{33E50065-E122-4C71-B22E-5D0D4BE0602E} = {9C5F4FAB-31AD-4D35-A296-FA1F64B4EF5B}
		{97144AC5-5CEA-4037-B292-FA727A3559A1} = {9C5F4FAB-31AD-4D35-A296-FA1F64B4EF5B}
		{1EBD23FF-2836-40F1-A8E7-78A0DFBF8D78} = {9C5F4FAB-31AD-4D35-A296-FA1F64B4EF5B}
		{732FC32F-A2F8-4352-9B3A-55AA5324D7DE} = {CBAFB853-53FB-4F80-B265-156B59835F66}
		{C65851C0-95C3-4549-A411-308364C2F0C5} = {CBAFB853-53FB-4F80-B265-156B59835F66}
		{0F1CF926-6E2B-4AAF-8683-8618368447D8} = {CBAFB853-53FB-4F80-B265-156B59835F66}
		{3C4A9466-D560-487D-B640-22669D87DE80} = {CBAFB853-53FB-4F80-B265-156B59835F66}
	EndGlobalSection
EndGlobal
